
Microsoft Visual Studio Solution File, Format Version 12.00
# Visual Studio 15
VisualStudioVersion = 15.0.27428.2002
MinimumVisualStudioVersion = 10.0.40219.1
Project("{FAE04EC0-301F-11D3-BF4B-00C04F79EFBC}") = "Airlines.Business", "Airlines.Business\Airlines.Business.csproj", "{60F5FDAB-A1A7-42F1-965A-46CD858AF460}"
EndProject
Project("{FAE04EC0-301F-11D3-BF4B-00C04F79EFBC}") = "Airlines.Services", "Airlines.Services\Airlines.Services.csproj", "{37DF4EDC-7140-4363-9EB8-76CE76D31BAB}"
EndProject
Project("{FAE04EC0-301F-11D3-BF4B-00C04F79EFBC}") = "Airlines.Test", "Airlines.Test\Airlines.Test.csproj", "{18A91CFD-D12B-4D65-8D8B-7240E2E0A9D9}"
EndProject
Project("{FAE04EC0-301F-11D3-BF4B-00C04F79EFBC}") = "Airlines.FormApplication", "Airlines.FormApplication\Airlines.FormApplication.csproj", "{F823B905-4456-427C-917E-090F36B2616F}"
EndProject
Global
	GlobalSection(SolutionConfigurationPlatforms) = preSolution
		Debug|Any CPU = Debug|Any CPU
		Release|Any CPU = Release|Any CPU
	EndGlobalSection
	GlobalSection(ProjectConfigurationPlatforms) = postSolution
		{60F5FDAB-A1A7-42F1-965A-46CD858AF460}.Debug|Any CPU.ActiveCfg = Debug|Any CPU
		{60F5FDAB-A1A7-42F1-965A-46CD858AF460}.Debug|Any CPU.Build.0 = Debug|Any CPU
		{60F5FDAB-A1A7-42F1-965A-46CD858AF460}.Release|Any CPU.ActiveCfg = Release|Any CPU
		{60F5FDAB-A1A7-42F1-965A-46CD858AF460}.Release|Any CPU.Build.0 = Release|Any CPU
		{37DF4EDC-7140-4363-9EB8-76CE76D31BAB}.Debug|Any CPU.ActiveCfg = Debug|Any CPU
		{37DF4EDC-7140-4363-9EB8-76CE76D31BAB}.Debug|Any CPU.Build.0 = Debug|Any CPU
		{37DF4EDC-7140-4363-9EB8-76CE76D31BAB}.Release|Any CPU.ActiveCfg = Release|Any CPU
		{37DF4EDC-7140-4363-9EB8-76CE76D31BAB}.Release|Any CPU.Build.0 = Release|Any CPU
		{18A91CFD-D12B-4D65-8D8B-7240E2E0A9D9}.Debug|Any CPU.ActiveCfg = Debug|Any CPU
		{18A91CFD-D12B-4D65-8D8B-7240E2E0A9D9}.Debug|Any CPU.Build.0 = Debug|Any CPU
		{18A91CFD-D12B-4D65-8D8B-7240E2E0A9D9}.Release|Any CPU.ActiveCfg = Release|Any CPU
		{18A91CFD-D12B-4D65-8D8B-7240E2E0A9D9}.Release|Any CPU.Build.0 = Release|Any CPU
		{F823B905-4456-427C-917E-090F36B2616F}.Debug|Any CPU.ActiveCfg = Debug|Any CPU
		{F823B905-4456-427C-917E-090F36B2616F}.Debug|Any CPU.Build.0 = Debug|Any CPU
		{F823B905-4456-427C-917E-090F36B2616F}.Release|Any CPU.ActiveCfg = Release|Any CPU
		{F823B905-4456-427C-917E-090F36B2616F}.Release|Any CPU.Build.0 = Release|Any CPU
	EndGlobalSection
	GlobalSection(SolutionProperties) = preSolution
		HideSolutionNode = FALSE
	EndGlobalSection
	GlobalSection(ExtensibilityGlobals) = postSolution
		SolutionGuid = {DCC88C33-49B1-418E-B630-2926267CDC7D}
	EndGlobalSection
EndGlobal
